<?xml version="1.0" encoding="utf-8"?>
<Project ToolsVersion="4.0" xmlns="http://schemas.microsoft.com/developer/msbuild/2003">
  <ItemGroup>
    <ClCompile Include="..\src\28_Skinning\28_Skinning.cpp" />
  </ItemGroup>
  <ItemGroup>
    <FSLShader Include="..\src\28_Skinning\Shaders\FSL\basic.frag.fsl" />
    <FSLShader Include="..\src\28_Skinning\Shaders\FSL\basic.vert.fsl" />
    <FSLShader Include="..\src\28_Skinning\Shaders\FSL\plane.frag.fsl" />
    <FSLShader Include="..\src\28_Skinning\Shaders\FSL\plane.vert.fsl" />
    <FSLShader Include="..\src\28_Skinning\Shaders\FSL\ShaderList.fsl" />
    <FSLShader Include="..\src\28_Skinning\Shaders\FSL\resources.h.fsl" />
    <FSLShader Include="..\src\28_Skinning\Shaders\FSL\skinning.frag.fsl" />
    <FSLShader Include="..\src\28_Skinning\Shaders\FSL\skinning.h.fsl" />
    <FSLShader Include="..\src\28_Skinning\Shaders\FSL\skinning.vert.fsl" />
  </ItemGroup>
</Project>